
Microsoft Visual Studio Solution File, Format Version 12.00
# Visual Studio 14
VisualStudioVersion = 14.0.23107.0
MinimumVisualStudioVersion = 10.0.40219.1
Project("{2150E333-8FDC-42A3-9474-1A3956D46DE8}") = "src", "src", "{18CC7A4D-1317-44DE-9A4D-11209803CBD5}"
EndProject
Project("{2150E333-8FDC-42A3-9474-1A3956D46DE8}") = "Solution Items", "Solution Items", "{93FFEAB3-D76B-43B4-8B93-9BC0340EB7D4}"
	ProjectSection(SolutionItems) = preProject
		global.json = global.json
	EndProjectSection
EndProject
Project("{8BB2217D-0F2D-49D1-97BC-3654ED321F3B}") = "TypeScriptDemo", "src\TypeScriptDemo\TypeScriptDemo.xproj", "{FC9972AA-FA18-4578-8856-82DB2A72D7C8}"
EndProject
Global
	GlobalSection(SolutionConfigurationPlatforms) = preSolution
		Debug|Any CPU = Debug|Any CPU
		Release|Any CPU = Release|Any CPU
	EndGlobalSection
	GlobalSection(ProjectConfigurationPlatforms) = postSolution
		{FC9972AA-FA18-4578-8856-82DB2A72D7C8}.Debug|Any CPU.ActiveCfg = Debug|Any CPU
		{FC9972AA-FA18-4578-8856-82DB2A72D7C8}.Debug|Any CPU.Build.0 = Debug|Any CPU
		{FC9972AA-FA18-4578-8856-82DB2A72D7C8}.Release|Any CPU.ActiveCfg = Release|Any CPU
		{FC9972AA-FA18-4578-8856-82DB2A72D7C8}.Release|Any CPU.Build.0 = Release|Any CPU
	EndGlobalSection
	GlobalSection(SolutionProperties) = preSolution
		HideSolutionNode = FALSE
	EndGlobalSection
	GlobalSection(NestedProjects) = preSolution
		{FC9972AA-FA18-4578-8856-82DB2A72D7C8} = {18CC7A4D-1317-44DE-9A4D-11209803CBD5}
	EndGlobalSection
EndGlobal
